
Microsoft Visual Studio Solution File, Format Version 12.00
# Visual Studio Version 17
VisualStudioVersion = 17.9.34607.119
MinimumVisualStudioVersion = 10.0.40219.1
Project("{FAE04EC0-301F-11D3-BF4B-00C04F79EFBC}") = "Suorakulmioiden piirtäminen", "Suorakulmioiden piirtäminen.csproj", "{E7748984-9506-4E5C-B433-C5D6E0E95C36}"
EndProject
Global
	GlobalSection(SolutionConfigurationPlatforms) = preSolution
		Debug|Any CPU = Debug|Any CPU
		Release|Any CPU = Release|Any CPU
	EndGlobalSection
	GlobalSection(ProjectConfigurationPlatforms) = postSolution
		{E7748984-9506-4E5C-B433-C5D6E0E95C36}.Debug|Any CPU.ActiveCfg = Debug|Any CPU
		{E7748984-9506-4E5C-B433-C5D6E0E95C36}.Debug|Any CPU.Build.0 = Debug|Any CPU
		{E7748984-9506-4E5C-B433-C5D6E0E95C36}.Release|Any CPU.ActiveCfg = Release|Any CPU
		{E7748984-9506-4E5C-B433-C5D6E0E95C36}.Release|Any CPU.Build.0 = Release|Any CPU
	EndGlobalSection
	GlobalSection(SolutionProperties) = preSolution
		HideSolutionNode = FALSE
	EndGlobalSection
	GlobalSection(ExtensibilityGlobals) = postSolution
		SolutionGuid = {D75A4736-560E-401B-BD59-C04460E5A07E}
	EndGlobalSection
EndGlobal
