
Microsoft Visual Studio Solution File, Format Version 12.00
# Visual Studio Version 17
VisualStudioVersion = 17.9.34607.119
MinimumVisualStudioVersion = 10.0.40219.1
Project("{FAE04EC0-301F-11D3-BF4B-00C04F79EFBC}") = "Robotti", "Robotti.csproj", "{B68220D9-632D-4B9E-A772-023E35659425}"
EndProject
Global
	GlobalSection(SolutionConfigurationPlatforms) = preSolution
		Debug|Any CPU = Debug|Any CPU
		Release|Any CPU = Release|Any CPU
	EndGlobalSection
	GlobalSection(ProjectConfigurationPlatforms) = postSolution
		{B68220D9-632D-4B9E-A772-023E35659425}.Debug|Any CPU.ActiveCfg = Debug|Any CPU
		{B68220D9-632D-4B9E-A772-023E35659425}.Debug|Any CPU.Build.0 = Debug|Any CPU
		{B68220D9-632D-4B9E-A772-023E35659425}.Release|Any CPU.ActiveCfg = Release|Any CPU
		{B68220D9-632D-4B9E-A772-023E35659425}.Release|Any CPU.Build.0 = Release|Any CPU
	EndGlobalSection
	GlobalSection(SolutionProperties) = preSolution
		HideSolutionNode = FALSE
	EndGlobalSection
	GlobalSection(ExtensibilityGlobals) = postSolution
		SolutionGuid = {62483A70-EF52-4CFD-BE73-808C49DD5013}
	EndGlobalSection
EndGlobal
