
Microsoft Visual Studio Solution File, Format Version 12.00
# Visual Studio Version 17
VisualStudioVersion = 17.9.34607.119
MinimumVisualStudioVersion = 10.0.40219.1
Project("{FAE04EC0-301F-11D3-BF4B-00C04F79EFBC}") = "EnemyReader JSON", "EnemyReader JSON.csproj", "{A1B4C03E-39FB-4E8D-95FE-EFEC9C9D7C23}"
EndProject
Global
	GlobalSection(SolutionConfigurationPlatforms) = preSolution
		Debug|Any CPU = Debug|Any CPU
		Release|Any CPU = Release|Any CPU
	EndGlobalSection
	GlobalSection(ProjectConfigurationPlatforms) = postSolution
		{A1B4C03E-39FB-4E8D-95FE-EFEC9C9D7C23}.Debug|Any CPU.ActiveCfg = Debug|Any CPU
		{A1B4C03E-39FB-4E8D-95FE-EFEC9C9D7C23}.Debug|Any CPU.Build.0 = Debug|Any CPU
		{A1B4C03E-39FB-4E8D-95FE-EFEC9C9D7C23}.Release|Any CPU.ActiveCfg = Release|Any CPU
		{A1B4C03E-39FB-4E8D-95FE-EFEC9C9D7C23}.Release|Any CPU.Build.0 = Release|Any CPU
	EndGlobalSection
	GlobalSection(SolutionProperties) = preSolution
		HideSolutionNode = FALSE
	EndGlobalSection
	GlobalSection(ExtensibilityGlobals) = postSolution
		SolutionGuid = {0E1095A3-21FC-4241-A684-5DDDD77DEF4A}
	EndGlobalSection
EndGlobal
