
Microsoft Visual Studio Solution File, Format Version 12.00
# Visual Studio Version 17
VisualStudioVersion = 17.9.34607.119
MinimumVisualStudioVersion = 10.0.40219.1
Project("{FAE04EC0-301F-11D3-BF4B-00C04F79EFBC}") = "2Ruoka annos", "2Ruoka annos.csproj", "{EC29755A-2900-4726-A959-974F9D9C0081}"
EndProject
Global
	GlobalSection(SolutionConfigurationPlatforms) = preSolution
		Debug|Any CPU = Debug|Any CPU
		Release|Any CPU = Release|Any CPU
	EndGlobalSection
	GlobalSection(ProjectConfigurationPlatforms) = postSolution
		{EC29755A-2900-4726-A959-974F9D9C0081}.Debug|Any CPU.ActiveCfg = Debug|Any CPU
		{EC29755A-2900-4726-A959-974F9D9C0081}.Debug|Any CPU.Build.0 = Debug|Any CPU
		{EC29755A-2900-4726-A959-974F9D9C0081}.Release|Any CPU.ActiveCfg = Release|Any CPU
		{EC29755A-2900-4726-A959-974F9D9C0081}.Release|Any CPU.Build.0 = Release|Any CPU
	EndGlobalSection
	GlobalSection(SolutionProperties) = preSolution
		HideSolutionNode = FALSE
	EndGlobalSection
	GlobalSection(ExtensibilityGlobals) = postSolution
		SolutionGuid = {FEE9680F-94DF-4E14-8771-8308A9BFCDC5}
	EndGlobalSection
EndGlobal
