
Microsoft Visual Studio Solution File, Format Version 12.00
# Visual Studio Version 17
VisualStudioVersion = 17.9.34607.119
MinimumVisualStudioVersion = 10.0.40219.1
Project("{FAE04EC0-301F-11D3-BF4B-00C04F79EFBC}") = "dvd", "dvd.csproj", "{03D8CDDE-FA7E-433F-B8E3-B9FB3B99123B}"
EndProject
Global
	GlobalSection(SolutionConfigurationPlatforms) = preSolution
		Debug|Any CPU = Debug|Any CPU
		Release|Any CPU = Release|Any CPU
	EndGlobalSection
	GlobalSection(ProjectConfigurationPlatforms) = postSolution
		{03D8CDDE-FA7E-433F-B8E3-B9FB3B99123B}.Debug|Any CPU.ActiveCfg = Debug|Any CPU
		{03D8CDDE-FA7E-433F-B8E3-B9FB3B99123B}.Debug|Any CPU.Build.0 = Debug|Any CPU
		{03D8CDDE-FA7E-433F-B8E3-B9FB3B99123B}.Release|Any CPU.ActiveCfg = Release|Any CPU
		{03D8CDDE-FA7E-433F-B8E3-B9FB3B99123B}.Release|Any CPU.Build.0 = Release|Any CPU
	EndGlobalSection
	GlobalSection(SolutionProperties) = preSolution
		HideSolutionNode = FALSE
	EndGlobalSection
	GlobalSection(ExtensibilityGlobals) = postSolution
		SolutionGuid = {065A4CF9-72C5-4B47-83A5-8CDFC4B68FDA}
	EndGlobalSection
EndGlobal
